github.com/H-navi/golang1 v1.0.0 h1:MHHiFkXPWDEICetxpmwbQIeDdAF4ao+7nD8/R5v86Uc=
github.com/H-navi/golang1 v1.0.0/go.mod h1:e1SQ15LxpW0kImS62sWS1M1+8jDpuRzhKAZrnwPDn78=
github.com/H-navi/golang1 v1.5.0 h1:wYXeV9wzh5sBThmZB3E4ktP9DuFVixUlt5UF6MZyKb8=
github.com/H-navi/golang1 v1.5.0/go.mod h1:e1SQ15LxpW0kImS62sWS1M1+8jDpuRzhKAZrnwPDn78=
github.com/H-navi/golang1/v2 v2.0.0 h1:ytGAVZxpdiIDnJi2loT1EjcRqRJqKWARtAvInFEcM34=
github.com/H-navi/golang1/v2 v2.0.0/go.mod h1:3yGvXjka2YwJOKFio9rZnzjG6D9MXqN1X84/+gK2wds=
